
Microsoft Visual Studio Solution File, Format Version 11.00
# Visual Studio 2010
Project("{FAE04EC0-301F-11D3-BF4B-00C04F79EFBC}") = "SketchTyping", "SketchTyping\SketchTyping.csproj", "{5F7E03C9-D6B9-492F-BE3E-F6F2098304F8}"
EndProject
Project("{FAE04EC0-301F-11D3-BF4B-00C04F79EFBC}") = "SketchTypingDataCollect", "SketchTypingDataCollect\SketchTypingDataCollect.csproj", "{515EE07C-D9F4-446E-B942-7C463B308C8D}"
EndProject
Project("{FAE04EC0-301F-11D3-BF4B-00C04F79EFBC}") = "SketchTypingLib", "SketchTypingLib\SketchTypingLib.csproj", "{7DC58EF5-77B4-433F-9BA3-78FB71341DFE}"
EndProject
Project("{FAE04EC0-301F-11D3-BF4B-00C04F79EFBC}") = "SketchTypingVSAddin", "SketchTypingVSAddin\SketchTypingVSAddin.csproj", "{A3C82E47-1FE1-4837-B8C4-BAFE8123DF62}"
EndProject
Project("{FAE04EC0-301F-11D3-BF4B-00C04F79EFBC}") = "SketchTypingPowerPointAddIn", "SketchTypingPowerPointAddIn\SketchTypingPowerPointAddIn.csproj", "{63863A10-BF3D-4646-A045-A13844D3A7DD}"
EndProject
Project("{FAE04EC0-301F-11D3-BF4B-00C04F79EFBC}") = "SketchTypingServer", "SketchTypingServer\SketchTypingServer.csproj", "{E03903B6-EEDF-49F7-A512-C831CBCA2E10}"
EndProject
Project("{FAE04EC0-301F-11D3-BF4B-00C04F79EFBC}") = "SketchTypingVSExtension", "SketchTypinVSExtension\SketchTypingVSExtension.csproj", "{60FBDA82-F119-461C-9B6E-37B0E2CC8A21}"
EndProject
Project("{FAE04EC0-301F-11D3-BF4B-00C04F79EFBC}") = "SketchTypingSketchSearch", "SketchTypingSketchSearch\SketchTypingSketchSearch.csproj", "{4DC0B633-60F8-485A-A7A6-D6234C594F9C}"
EndProject
Project("{FAE04EC0-301F-11D3-BF4B-00C04F79EFBC}") = "SketchTypingBrowser", "SketchTypingBrowser\SketchTypingBrowser.csproj", "{033F2E77-E01F-4B7A-B26D-7FA494318DE4}"
EndProject
Project("{FAE04EC0-301F-11D3-BF4B-00C04F79EFBC}") = "FLib", "FLib\FLib.csproj", "{6CDD0F06-50D4-4522-9097-8C4D49D43B0F}"
EndProject
Project("{FAE04EC0-301F-11D3-BF4B-00C04F79EFBC}") = "TextInput", "TextInput\TextInput.csproj", "{0C929E44-47FE-4002-B95E-C22F989530E1}"
EndProject
Project("{FAE04EC0-301F-11D3-BF4B-00C04F79EFBC}") = "Browser", "Browser\Browser.csproj", "{B40F3428-74FB-457C-A75C-F9935E85BD55}"
EndProject
Global
	GlobalSection(SolutionConfigurationPlatforms) = preSolution
		Debug|Any CPU = Debug|Any CPU
		Debug|Mixed Platforms = Debug|Mixed Platforms
		Debug|x86 = Debug|x86
		Release|Any CPU = Release|Any CPU
		Release|Mixed Platforms = Release|Mixed Platforms
		Release|x86 = Release|x86
	EndGlobalSection
	GlobalSection(ProjectConfigurationPlatforms) = postSolution
		{5F7E03C9-D6B9-492F-BE3E-F6F2098304F8}.Debug|Any CPU.ActiveCfg = Debug|x86
		{5F7E03C9-D6B9-492F-BE3E-F6F2098304F8}.Debug|Mixed Platforms.ActiveCfg = Debug|x86
		{5F7E03C9-D6B9-492F-BE3E-F6F2098304F8}.Debug|Mixed Platforms.Build.0 = Debug|x86
		{5F7E03C9-D6B9-492F-BE3E-F6F2098304F8}.Debug|x86.ActiveCfg = Debug|x86
		{5F7E03C9-D6B9-492F-BE3E-F6F2098304F8}.Debug|x86.Build.0 = Debug|x86
		{5F7E03C9-D6B9-492F-BE3E-F6F2098304F8}.Release|Any CPU.ActiveCfg = Release|x86
		{5F7E03C9-D6B9-492F-BE3E-F6F2098304F8}.Release|Mixed Platforms.ActiveCfg = Release|x86
		{5F7E03C9-D6B9-492F-BE3E-F6F2098304F8}.Release|Mixed Platforms.Build.0 = Release|x86
		{5F7E03C9-D6B9-492F-BE3E-F6F2098304F8}.Release|x86.ActiveCfg = Release|x86
		{5F7E03C9-D6B9-492F-BE3E-F6F2098304F8}.Release|x86.Build.0 = Release|x86
		{515EE07C-D9F4-446E-B942-7C463B308C8D}.Debug|Any CPU.ActiveCfg = Debug|x86
		{515EE07C-D9F4-446E-B942-7C463B308C8D}.Debug|Mixed Platforms.ActiveCfg = Debug|x86
		{515EE07C-D9F4-446E-B942-7C463B308C8D}.Debug|Mixed Platforms.Build.0 = Debug|x86
		{515EE07C-D9F4-446E-B942-7C463B308C8D}.Debug|x86.ActiveCfg = Debug|x86
		{515EE07C-D9F4-446E-B942-7C463B308C8D}.Debug|x86.Build.0 = Debug|x86
		{515EE07C-D9F4-446E-B942-7C463B308C8D}.Release|Any CPU.ActiveCfg = Release|x86
		{515EE07C-D9F4-446E-B942-7C463B308C8D}.Release|Mixed Platforms.ActiveCfg = Release|x86
		{515EE07C-D9F4-446E-B942-7C463B308C8D}.Release|Mixed Platforms.Build.0 = Release|x86
		{515EE07C-D9F4-446E-B942-7C463B308C8D}.Release|x86.ActiveCfg = Release|x86
		{515EE07C-D9F4-446E-B942-7C463B308C8D}.Release|x86.Build.0 = Release|x86
		{7DC58EF5-77B4-433F-9BA3-78FB71341DFE}.Debug|Any CPU.ActiveCfg = Debug|Any CPU
		{7DC58EF5-77B4-433F-9BA3-78FB71341DFE}.Debug|Any CPU.Build.0 = Debug|Any CPU
		{7DC58EF5-77B4-433F-9BA3-78FB71341DFE}.Debug|Mixed Platforms.ActiveCfg = Debug|Any CPU
		{7DC58EF5-77B4-433F-9BA3-78FB71341DFE}.Debug|Mixed Platforms.Build.0 = Debug|Any CPU
		{7DC58EF5-77B4-433F-9BA3-78FB71341DFE}.Debug|x86.ActiveCfg = Debug|Any CPU
		{7DC58EF5-77B4-433F-9BA3-78FB71341DFE}.Release|Any CPU.ActiveCfg = Release|Any CPU
		{7DC58EF5-77B4-433F-9BA3-78FB71341DFE}.Release|Any CPU.Build.0 = Release|Any CPU
		{7DC58EF5-77B4-433F-9BA3-78FB71341DFE}.Release|Mixed Platforms.ActiveCfg = Release|Any CPU
		{7DC58EF5-77B4-433F-9BA3-78FB71341DFE}.Release|Mixed Platforms.Build.0 = Release|Any CPU
		{7DC58EF5-77B4-433F-9BA3-78FB71341DFE}.Release|x86.ActiveCfg = Release|Any CPU
		{A3C82E47-1FE1-4837-B8C4-BAFE8123DF62}.Debug|Any CPU.ActiveCfg = Debug|Any CPU
		{A3C82E47-1FE1-4837-B8C4-BAFE8123DF62}.Debug|Any CPU.Build.0 = Debug|Any CPU
		{A3C82E47-1FE1-4837-B8C4-BAFE8123DF62}.Debug|Mixed Platforms.ActiveCfg = Debug|Any CPU
		{A3C82E47-1FE1-4837-B8C4-BAFE8123DF62}.Debug|Mixed Platforms.Build.0 = Debug|Any CPU
		{A3C82E47-1FE1-4837-B8C4-BAFE8123DF62}.Debug|x86.ActiveCfg = Debug|Any CPU
		{A3C82E47-1FE1-4837-B8C4-BAFE8123DF62}.Release|Any CPU.ActiveCfg = Release|Any CPU
		{A3C82E47-1FE1-4837-B8C4-BAFE8123DF62}.Release|Any CPU.Build.0 = Release|Any CPU
		{A3C82E47-1FE1-4837-B8C4-BAFE8123DF62}.Release|Mixed Platforms.ActiveCfg = Release|Any CPU
		{A3C82E47-1FE1-4837-B8C4-BAFE8123DF62}.Release|Mixed Platforms.Build.0 = Release|Any CPU
		{A3C82E47-1FE1-4837-B8C4-BAFE8123DF62}.Release|x86.ActiveCfg = Release|Any CPU
		{63863A10-BF3D-4646-A045-A13844D3A7DD}.Debug|Any CPU.ActiveCfg = Debug|Any CPU
		{63863A10-BF3D-4646-A045-A13844D3A7DD}.Debug|Any CPU.Build.0 = Debug|Any CPU
		{63863A10-BF3D-4646-A045-A13844D3A7DD}.Debug|Mixed Platforms.ActiveCfg = Debug|Any CPU
		{63863A10-BF3D-4646-A045-A13844D3A7DD}.Debug|Mixed Platforms.Build.0 = Debug|Any CPU
		{63863A10-BF3D-4646-A045-A13844D3A7DD}.Debug|x86.ActiveCfg = Debug|Any CPU
		{63863A10-BF3D-4646-A045-A13844D3A7DD}.Release|Any CPU.ActiveCfg = Release|Any CPU
		{63863A10-BF3D-4646-A045-A13844D3A7DD}.Release|Any CPU.Build.0 = Release|Any CPU
		{63863A10-BF3D-4646-A045-A13844D3A7DD}.Release|Mixed Platforms.ActiveCfg = Release|Any CPU
		{63863A10-BF3D-4646-A045-A13844D3A7DD}.Release|Mixed Platforms.Build.0 = Release|Any CPU
		{63863A10-BF3D-4646-A045-A13844D3A7DD}.Release|x86.ActiveCfg = Release|Any CPU
		{E03903B6-EEDF-49F7-A512-C831CBCA2E10}.Debug|Any CPU.ActiveCfg = Debug|x86
		{E03903B6-EEDF-49F7-A512-C831CBCA2E10}.Debug|Mixed Platforms.ActiveCfg = Debug|x86
		{E03903B6-EEDF-49F7-A512-C831CBCA2E10}.Debug|Mixed Platforms.Build.0 = Debug|x86
		{E03903B6-EEDF-49F7-A512-C831CBCA2E10}.Debug|x86.ActiveCfg = Debug|x86
		{E03903B6-EEDF-49F7-A512-C831CBCA2E10}.Debug|x86.Build.0 = Debug|x86
		{E03903B6-EEDF-49F7-A512-C831CBCA2E10}.Release|Any CPU.ActiveCfg = Release|x86
		{E03903B6-EEDF-49F7-A512-C831CBCA2E10}.Release|Mixed Platforms.ActiveCfg = Release|x86
		{E03903B6-EEDF-49F7-A512-C831CBCA2E10}.Release|Mixed Platforms.Build.0 = Release|x86
		{E03903B6-EEDF-49F7-A512-C831CBCA2E10}.Release|x86.ActiveCfg = Release|x86
		{E03903B6-EEDF-49F7-A512-C831CBCA2E10}.Release|x86.Build.0 = Release|x86
		{60FBDA82-F119-461C-9B6E-37B0E2CC8A21}.Debug|Any CPU.ActiveCfg = Debug|Any CPU
		{60FBDA82-F119-461C-9B6E-37B0E2CC8A21}.Debug|Any CPU.Build.0 = Debug|Any CPU
		{60FBDA82-F119-461C-9B6E-37B0E2CC8A21}.Debug|Mixed Platforms.ActiveCfg = Debug|Any CPU
		{60FBDA82-F119-461C-9B6E-37B0E2CC8A21}.Debug|Mixed Platforms.Build.0 = Debug|Any CPU
		{60FBDA82-F119-461C-9B6E-37B0E2CC8A21}.Debug|x86.ActiveCfg = Debug|Any CPU
		{60FBDA82-F119-461C-9B6E-37B0E2CC8A21}.Release|Any CPU.ActiveCfg = Release|Any CPU
		{60FBDA82-F119-461C-9B6E-37B0E2CC8A21}.Release|Any CPU.Build.0 = Release|Any CPU
		{60FBDA82-F119-461C-9B6E-37B0E2CC8A21}.Release|Mixed Platforms.ActiveCfg = Release|Any CPU
		{60FBDA82-F119-461C-9B6E-37B0E2CC8A21}.Release|Mixed Platforms.Build.0 = Release|Any CPU
		{60FBDA82-F119-461C-9B6E-37B0E2CC8A21}.Release|x86.ActiveCfg = Release|Any CPU
		{4DC0B633-60F8-485A-A7A6-D6234C594F9C}.Debug|Any CPU.ActiveCfg = Debug|x86
		{4DC0B633-60F8-485A-A7A6-D6234C594F9C}.Debug|Mixed Platforms.ActiveCfg = Debug|x86
		{4DC0B633-60F8-485A-A7A6-D6234C594F9C}.Debug|Mixed Platforms.Build.0 = Debug|x86
		{4DC0B633-60F8-485A-A7A6-D6234C594F9C}.Debug|x86.ActiveCfg = Debug|x86
		{4DC0B633-60F8-485A-A7A6-D6234C594F9C}.Debug|x86.Build.0 = Debug|x86
		{4DC0B633-60F8-485A-A7A6-D6234C594F9C}.Release|Any CPU.ActiveCfg = Release|x86
		{4DC0B633-60F8-485A-A7A6-D6234C594F9C}.Release|Mixed Platforms.ActiveCfg = Release|x86
		{4DC0B633-60F8-485A-A7A6-D6234C594F9C}.Release|Mixed Platforms.Build.0 = Release|x86
		{4DC0B633-60F8-485A-A7A6-D6234C594F9C}.Release|x86.ActiveCfg = Release|x86
		{4DC0B633-60F8-485A-A7A6-D6234C594F9C}.Release|x86.Build.0 = Release|x86
		{033F2E77-E01F-4B7A-B26D-7FA494318DE4}.Debug|Any CPU.ActiveCfg = Debug|x86
		{033F2E77-E01F-4B7A-B26D-7FA494318DE4}.Debug|Mixed Platforms.ActiveCfg = Debug|x86
		{033F2E77-E01F-4B7A-B26D-7FA494318DE4}.Debug|Mixed Platforms.Build.0 = Debug|x86
		{033F2E77-E01F-4B7A-B26D-7FA494318DE4}.Debug|x86.ActiveCfg = Debug|x86
		{033F2E77-E01F-4B7A-B26D-7FA494318DE4}.Debug|x86.Build.0 = Debug|x86
		{033F2E77-E01F-4B7A-B26D-7FA494318DE4}.Release|Any CPU.ActiveCfg = Release|x86
		{033F2E77-E01F-4B7A-B26D-7FA494318DE4}.Release|Mixed Platforms.ActiveCfg = Release|x86
		{033F2E77-E01F-4B7A-B26D-7FA494318DE4}.Release|Mixed Platforms.Build.0 = Release|x86
		{033F2E77-E01F-4B7A-B26D-7FA494318DE4}.Release|x86.ActiveCfg = Release|x86
		{033F2E77-E01F-4B7A-B26D-7FA494318DE4}.Release|x86.Build.0 = Release|x86
		{6CDD0F06-50D4-4522-9097-8C4D49D43B0F}.Debug|Any CPU.ActiveCfg = Debug|Any CPU
		{6CDD0F06-50D4-4522-9097-8C4D49D43B0F}.Debug|Any CPU.Build.0 = Debug|Any CPU
		{6CDD0F06-50D4-4522-9097-8C4D49D43B0F}.Debug|Mixed Platforms.ActiveCfg = Debug|Any CPU
		{6CDD0F06-50D4-4522-9097-8C4D49D43B0F}.Debug|Mixed Platforms.Build.0 = Debug|Any CPU
		{6CDD0F06-50D4-4522-9097-8C4D49D43B0F}.Debug|x86.ActiveCfg = Debug|Any CPU
		{6CDD0F06-50D4-4522-9097-8C4D49D43B0F}.Release|Any CPU.ActiveCfg = Release|Any CPU
		{6CDD0F06-50D4-4522-9097-8C4D49D43B0F}.Release|Any CPU.Build.0 = Release|Any CPU
		{6CDD0F06-50D4-4522-9097-8C4D49D43B0F}.Release|Mixed Platforms.ActiveCfg = Release|Any CPU
		{6CDD0F06-50D4-4522-9097-8C4D49D43B0F}.Release|Mixed Platforms.Build.0 = Release|Any CPU
		{6CDD0F06-50D4-4522-9097-8C4D49D43B0F}.Release|x86.ActiveCfg = Release|Any CPU
		{0C929E44-47FE-4002-B95E-C22F989530E1}.Debug|Any CPU.ActiveCfg = Debug|x86
		{0C929E44-47FE-4002-B95E-C22F989530E1}.Debug|Mixed Platforms.ActiveCfg = Debug|x86
		{0C929E44-47FE-4002-B95E-C22F989530E1}.Debug|Mixed Platforms.Build.0 = Debug|x86
		{0C929E44-47FE-4002-B95E-C22F989530E1}.Debug|x86.ActiveCfg = Debug|x86
		{0C929E44-47FE-4002-B95E-C22F989530E1}.Debug|x86.Build.0 = Debug|x86
		{0C929E44-47FE-4002-B95E-C22F989530E1}.Release|Any CPU.ActiveCfg = Release|x86
		{0C929E44-47FE-4002-B95E-C22F989530E1}.Release|Mixed Platforms.ActiveCfg = Release|x86
		{0C929E44-47FE-4002-B95E-C22F989530E1}.Release|Mixed Platforms.Build.0 = Release|x86
		{0C929E44-47FE-4002-B95E-C22F989530E1}.Release|x86.ActiveCfg = Release|x86
		{0C929E44-47FE-4002-B95E-C22F989530E1}.Release|x86.Build.0 = Release|x86
		{B40F3428-74FB-457C-A75C-F9935E85BD55}.Debug|Any CPU.ActiveCfg = Debug|x86
		{B40F3428-74FB-457C-A75C-F9935E85BD55}.Debug|Mixed Platforms.ActiveCfg = Debug|x86
		{B40F3428-74FB-457C-A75C-F9935E85BD55}.Debug|Mixed Platforms.Build.0 = Debug|x86
		{B40F3428-74FB-457C-A75C-F9935E85BD55}.Debug|x86.ActiveCfg = Debug|x86
		{B40F3428-74FB-457C-A75C-F9935E85BD55}.Debug|x86.Build.0 = Debug|x86
		{B40F3428-74FB-457C-A75C-F9935E85BD55}.Release|Any CPU.ActiveCfg = Release|x86
		{B40F3428-74FB-457C-A75C-F9935E85BD55}.Release|Mixed Platforms.ActiveCfg = Release|x86
		{B40F3428-74FB-457C-A75C-F9935E85BD55}.Release|Mixed Platforms.Build.0 = Release|x86
		{B40F3428-74FB-457C-A75C-F9935E85BD55}.Release|x86.ActiveCfg = Release|x86
		{B40F3428-74FB-457C-A75C-F9935E85BD55}.Release|x86.Build.0 = Release|x86
	EndGlobalSection
	GlobalSection(SolutionProperties) = preSolution
		HideSolutionNode = FALSE
	EndGlobalSection
EndGlobal
